
Microsoft Visual Studio Solution File, Format Version 12.00
# Visual Studio Version 16
VisualStudioVersion = 16.0.30611.23
MinimumVisualStudioVersion = 10.0.40219.1
Project("{FAE04EC0-301F-11D3-BF4B-00C04F79EFBC}") = "Testing For Project", "Testing For Project\Testing For Project.csproj", "{945512F5-BEEE-4B91-AF1D-70EB179A9D2D}"
EndProject
Global
	GlobalSection(SolutionConfigurationPlatforms) = preSolution
		Debug|Any CPU = Debug|Any CPU
		Release|Any CPU = Release|Any CPU
	EndGlobalSection
	GlobalSection(ProjectConfigurationPlatforms) = postSolution
		{945512F5-BEEE-4B91-AF1D-70EB179A9D2D}.Debug|Any CPU.ActiveCfg = Debug|Any CPU
		{945512F5-BEEE-4B91-AF1D-70EB179A9D2D}.Debug|Any CPU.Build.0 = Debug|Any CPU
		{945512F5-BEEE-4B91-AF1D-70EB179A9D2D}.Release|Any CPU.ActiveCfg = Release|Any CPU
		{945512F5-BEEE-4B91-AF1D-70EB179A9D2D}.Release|Any CPU.Build.0 = Release|Any CPU
	EndGlobalSection
	GlobalSection(SolutionProperties) = preSolution
		HideSolutionNode = FALSE
	EndGlobalSection
	GlobalSection(ExtensibilityGlobals) = postSolution
		SolutionGuid = {0542C4AC-FCA1-4675-8D7A-9D0E16F52481}
	EndGlobalSection
EndGlobal
