
Microsoft Visual Studio Solution File, Format Version 12.00
# Visual Studio Version 16
VisualStudioVersion = 16.0.30611.23
MinimumVisualStudioVersion = 10.0.40219.1
Project("{FAE04EC0-301F-11D3-BF4B-00C04F79EFBC}") = "Start Of Computer Science Project", "Start Of Computer Science Project\Start Of Computer Science Project.csproj", "{23C85CA2-8CAC-419A-ADFB-804F5D66E958}"
EndProject
Global
	GlobalSection(SolutionConfigurationPlatforms) = preSolution
		Debug|Any CPU = Debug|Any CPU
		Release|Any CPU = Release|Any CPU
	EndGlobalSection
	GlobalSection(ProjectConfigurationPlatforms) = postSolution
		{23C85CA2-8CAC-419A-ADFB-804F5D66E958}.Debug|Any CPU.ActiveCfg = Debug|Any CPU
		{23C85CA2-8CAC-419A-ADFB-804F5D66E958}.Debug|Any CPU.Build.0 = Debug|Any CPU
		{23C85CA2-8CAC-419A-ADFB-804F5D66E958}.Release|Any CPU.ActiveCfg = Release|Any CPU
		{23C85CA2-8CAC-419A-ADFB-804F5D66E958}.Release|Any CPU.Build.0 = Release|Any CPU
	EndGlobalSection
	GlobalSection(SolutionProperties) = preSolution
		HideSolutionNode = FALSE
	EndGlobalSection
	GlobalSection(ExtensibilityGlobals) = postSolution
		SolutionGuid = {A24DDA26-17A5-4A19-BBBF-C4DDE47ABA46}
	EndGlobalSection
EndGlobal
