
Microsoft Visual Studio Solution File, Format Version 12.00
# Visual Studio Version 16
VisualStudioVersion = 16.0.30611.23
MinimumVisualStudioVersion = 10.0.40219.1
Project("{FAE04EC0-301F-11D3-BF4B-00C04F79EFBC}") = "GUI for Project", "GUI for Project\GUI for Project.csproj", "{82D8CF5A-38DB-47BC-9382-C5618E6F729D}"
EndProject
Global
	GlobalSection(SolutionConfigurationPlatforms) = preSolution
		Debug|Any CPU = Debug|Any CPU
		Release|Any CPU = Release|Any CPU
	EndGlobalSection
	GlobalSection(ProjectConfigurationPlatforms) = postSolution
		{82D8CF5A-38DB-47BC-9382-C5618E6F729D}.Debug|Any CPU.ActiveCfg = Debug|Any CPU
		{82D8CF5A-38DB-47BC-9382-C5618E6F729D}.Debug|Any CPU.Build.0 = Debug|Any CPU
		{82D8CF5A-38DB-47BC-9382-C5618E6F729D}.Release|Any CPU.ActiveCfg = Release|Any CPU
		{82D8CF5A-38DB-47BC-9382-C5618E6F729D}.Release|Any CPU.Build.0 = Release|Any CPU
	EndGlobalSection
	GlobalSection(SolutionProperties) = preSolution
		HideSolutionNode = FALSE
	EndGlobalSection
	GlobalSection(ExtensibilityGlobals) = postSolution
		SolutionGuid = {0EA65391-F8C5-4340-8187-E3E1F1234BE9}
	EndGlobalSection
EndGlobal
